
Microsoft Visual Studio Solution File, Format Version 12.00
# Visual Studio Version 16
VisualStudioVersion = 16.0.32126.315
MinimumVisualStudioVersion = 10.0.40219.1
Project("{9A19103F-16F7-4668-BE54-9A1E7A4F7556}") = "BenefitsPkgCalculatorAPI", "API\APIAndConsumerSolution\BenefitsPkgCalculatorAPI\BenefitsPkgCalculatorAPI.csproj", "{00803F87-F533-4B29-B3C5-46CC76CA0300}"
EndProject
Project("{9A19103F-16F7-4668-BE54-9A1E7A4F7556}") = "BPCalcAPI.DTOs", "API\BPCalcAPI.DTOs\BPCalcAPI.DTOs.csproj", "{DF9767DA-5AA0-43B6-8BB2-07C4F21E355F}"
EndProject
Project("{9A19103F-16F7-4668-BE54-9A1E7A4F7556}") = "BPCalcAPI.Entities", "API\BPCalcAPI.Entities\BPCalcAPI.Entities.csproj", "{87C22D94-FCEF-4B77-8FA7-7231F89B33B2}"
EndProject
Project("{2150E333-8FDC-42A3-9474-1A3956D46DE8}") = "BPCalcApiLibraries", "BPCalcApiLibraries", "{9C38176F-681C-46AA-88DC-C9BF70E2C917}"
EndProject
Project("{9A19103F-16F7-4668-BE54-9A1E7A4F7556}") = "BPCalcAPI.Common", "api\BPCalcAPI.Common\BPCalcAPI.Common.csproj", "{210A5922-E3F0-483A-83C5-77F6C99CDF7B}"
EndProject
Project("{9A19103F-16F7-4668-BE54-9A1E7A4F7556}") = "BPCalcAPI.Repository", "api\BPCalcAPI.Repository\BPCalcAPI.Repository.csproj", "{A48824A9-0FFA-4F03-8A5D-5172908B7099}"
EndProject
Project("{9A19103F-16F7-4668-BE54-9A1E7A4F7556}") = "BPCalcAPI.Repository.Interfaces", "api\BPCalcAPI.Repository.Interfaces\BPCalcAPI.Repository.Interfaces.csproj", "{641A70EE-4D96-47FA-84AC-FB7872BDAC30}"
EndProject
Project("{9A19103F-16F7-4668-BE54-9A1E7A4F7556}") = "BPCalcAPI.Rule.Interfaces", "api\BPCalcAPI.Rule.Interfaces\BPCalcAPI.Rule.Interfaces.csproj", "{281A96E4-3057-401F-B3EA-1FCE53A28F09}"
EndProject
Project("{9A19103F-16F7-4668-BE54-9A1E7A4F7556}") = "BPCalcAPI.Rules", "api\BPCalcAPI.Rules\BPCalcAPI.Rules.csproj", "{19A95CD3-F17D-408E-BF47-AFF428BFAF35}"
EndProject
Project("{9A19103F-16F7-4668-BE54-9A1E7A4F7556}") = "BPCalcAPI.Task.Interfaces", "api\BPCalcAPI.Task.Interfaces\BPCalcAPI.Task.Interfaces.csproj", "{7C4D3CD6-B38C-43DB-B2CB-57D715D3CDE9}"
EndProject
Project("{9A19103F-16F7-4668-BE54-9A1E7A4F7556}") = "BPCalcAPI.Tasks", "api\BPCalcAPI.Tasks\BPCalcAPI.Tasks.csproj", "{FAA001D4-597C-4FFF-B945-0A98B5189DD1}"
EndProject
Project("{9A19103F-16F7-4668-BE54-9A1E7A4F7556}") = "BPCalcAPI.Workflow.Interfaces", "api\BPCalcAPI.Workflow.Interfaces\BPCalcAPI.Workflow.Interfaces.csproj", "{083A7CB8-CD9C-4D1D-BA6A-C5F7713312A5}"
EndProject
Project("{9A19103F-16F7-4668-BE54-9A1E7A4F7556}") = "BPCalcAPI.Workflows", "api\BPCalcAPI.Workflows\BPCalcAPI.Workflows.csproj", "{C07820B1-B96D-4942-A739-857C4D32C291}"
EndProject
Project("{9A19103F-16F7-4668-BE54-9A1E7A4F7556}") = "BPCalcAPI.Mappers", "api\BPCalcAPI.Mappers\BPCalcAPI.Mappers.csproj", "{F3D834CC-A78A-4F20-A52C-21D7EAD82D18}"
EndProject
Project("{9A19103F-16F7-4668-BE54-9A1E7A4F7556}") = "BPCalcAPI.Mapper.Interfaces", "api\BPCalcAPI.Mapper.Interfaces\BPCalcAPI.Mapper.Interfaces.csproj", "{AD5A2FFE-E0B6-4DF4-A961-F652F1FBFC1B}"
EndProject
Project("{2150E333-8FDC-42A3-9474-1A3956D46DE8}") = "Tests", "Tests", "{3A9D4D11-B246-4E3B-BEF0-D8228E2548A8}"
EndProject
Project("{2150E333-8FDC-42A3-9474-1A3956D46DE8}") = "UnitTests", "UnitTests", "{6DE02666-B9DA-4B78-95B4-6E94FDA0C14D}"
EndProject
Project("{9A19103F-16F7-4668-BE54-9A1E7A4F7556}") = "BPCalcTests", "Tests\BPCalcTests\BPCalcTests.csproj", "{F1B7F9BA-4F40-426A-B4A2-6584112A9ADC}"
EndProject
Project("{9A19103F-16F7-4668-BE54-9A1E7A4F7556}") = "BPCalcApi.Entities.Interfaces", "API\BPCalcApi.Entities.Interfaces\BPCalcApi.Entities.Interfaces.csproj", "{B784CFD2-E2A2-499E-A277-FC7BC1C77C89}"
EndProject
Project("{2150E333-8FDC-42A3-9474-1A3956D46DE8}") = "Rules", "Rules", "{3AA20B88-6B40-4310-91BE-E7BFE9AA27E1}"
EndProject
Project("{2150E333-8FDC-42A3-9474-1A3956D46DE8}") = "Workflows", "Workflows", "{56CABAC4-DFCD-41A9-9417-A7A45240D49C}"
EndProject
Project("{2150E333-8FDC-42A3-9474-1A3956D46DE8}") = "Tasks", "Tasks", "{EC764450-F2DE-4233-8B4A-5A41504A6FEC}"
EndProject
Project("{2150E333-8FDC-42A3-9474-1A3956D46DE8}") = "Repositories", "Repositories", "{275D91B5-3AC7-482F-91E4-B240E8BD1516}"
EndProject
Project("{2150E333-8FDC-42A3-9474-1A3956D46DE8}") = "Entities", "Entities", "{9E18F1BD-F189-48B9-9B96-397BC0E98D81}"
EndProject
Project("{9A19103F-16F7-4668-BE54-9A1E7A4F7556}") = "EmployeeBenefitPkgCalculatorApp", "WebApp\EmployeeBenefitPkgCalculatorApp\EmployeeBenefitPkgCalculatorApp.csproj", "{0E3F6433-32D4-4CF7-A6A6-907A3D612C0F}"
EndProject
Global
	GlobalSection(SolutionConfigurationPlatforms) = preSolution
		Debug|Any CPU = Debug|Any CPU
		Release|Any CPU = Release|Any CPU
	EndGlobalSection
	GlobalSection(ProjectConfigurationPlatforms) = postSolution
		{00803F87-F533-4B29-B3C5-46CC76CA0300}.Debug|Any CPU.ActiveCfg = Debug|Any CPU
		{00803F87-F533-4B29-B3C5-46CC76CA0300}.Debug|Any CPU.Build.0 = Debug|Any CPU
		{00803F87-F533-4B29-B3C5-46CC76CA0300}.Release|Any CPU.ActiveCfg = Release|Any CPU
		{00803F87-F533-4B29-B3C5-46CC76CA0300}.Release|Any CPU.Build.0 = Release|Any CPU
		{DF9767DA-5AA0-43B6-8BB2-07C4F21E355F}.Debug|Any CPU.ActiveCfg = Debug|Any CPU
		{DF9767DA-5AA0-43B6-8BB2-07C4F21E355F}.Debug|Any CPU.Build.0 = Debug|Any CPU
		{DF9767DA-5AA0-43B6-8BB2-07C4F21E355F}.Release|Any CPU.ActiveCfg = Release|Any CPU
		{DF9767DA-5AA0-43B6-8BB2-07C4F21E355F}.Release|Any CPU.Build.0 = Release|Any CPU
		{87C22D94-FCEF-4B77-8FA7-7231F89B33B2}.Debug|Any CPU.ActiveCfg = Debug|Any CPU
		{87C22D94-FCEF-4B77-8FA7-7231F89B33B2}.Debug|Any CPU.Build.0 = Debug|Any CPU
		{87C22D94-FCEF-4B77-8FA7-7231F89B33B2}.Release|Any CPU.ActiveCfg = Release|Any CPU
		{87C22D94-FCEF-4B77-8FA7-7231F89B33B2}.Release|Any CPU.Build.0 = Release|Any CPU
		{210A5922-E3F0-483A-83C5-77F6C99CDF7B}.Debug|Any CPU.ActiveCfg = Debug|Any CPU
		{210A5922-E3F0-483A-83C5-77F6C99CDF7B}.Debug|Any CPU.Build.0 = Debug|Any CPU
		{210A5922-E3F0-483A-83C5-77F6C99CDF7B}.Release|Any CPU.ActiveCfg = Release|Any CPU
		{210A5922-E3F0-483A-83C5-77F6C99CDF7B}.Release|Any CPU.Build.0 = Release|Any CPU
		{A48824A9-0FFA-4F03-8A5D-5172908B7099}.Debug|Any CPU.ActiveCfg = Debug|Any CPU
		{A48824A9-0FFA-4F03-8A5D-5172908B7099}.Debug|Any CPU.Build.0 = Debug|Any CPU
		{A48824A9-0FFA-4F03-8A5D-5172908B7099}.Release|Any CPU.ActiveCfg = Release|Any CPU
		{A48824A9-0FFA-4F03-8A5D-5172908B7099}.Release|Any CPU.Build.0 = Release|Any CPU
		{641A70EE-4D96-47FA-84AC-FB7872BDAC30}.Debug|Any CPU.ActiveCfg = Debug|Any CPU
		{641A70EE-4D96-47FA-84AC-FB7872BDAC30}.Debug|Any CPU.Build.0 = Debug|Any CPU
		{641A70EE-4D96-47FA-84AC-FB7872BDAC30}.Release|Any CPU.ActiveCfg = Release|Any CPU
		{641A70EE-4D96-47FA-84AC-FB7872BDAC30}.Release|Any CPU.Build.0 = Release|Any CPU
		{281A96E4-3057-401F-B3EA-1FCE53A28F09}.Debug|Any CPU.ActiveCfg = Debug|Any CPU
		{281A96E4-3057-401F-B3EA-1FCE53A28F09}.Debug|Any CPU.Build.0 = Debug|Any CPU
		{281A96E4-3057-401F-B3EA-1FCE53A28F09}.Release|Any CPU.ActiveCfg = Release|Any CPU
		{281A96E4-3057-401F-B3EA-1FCE53A28F09}.Release|Any CPU.Build.0 = Release|Any CPU
		{19A95CD3-F17D-408E-BF47-AFF428BFAF35}.Debug|Any CPU.ActiveCfg = Debug|Any CPU
		{19A95CD3-F17D-408E-BF47-AFF428BFAF35}.Debug|Any CPU.Build.0 = Debug|Any CPU
		{19A95CD3-F17D-408E-BF47-AFF428BFAF35}.Release|Any CPU.ActiveCfg = Release|Any CPU
		{19A95CD3-F17D-408E-BF47-AFF428BFAF35}.Release|Any CPU.Build.0 = Release|Any CPU
		{7C4D3CD6-B38C-43DB-B2CB-57D715D3CDE9}.Debug|Any CPU.ActiveCfg = Debug|Any CPU
		{7C4D3CD6-B38C-43DB-B2CB-57D715D3CDE9}.Debug|Any CPU.Build.0 = Debug|Any CPU
		{7C4D3CD6-B38C-43DB-B2CB-57D715D3CDE9}.Release|Any CPU.ActiveCfg = Release|Any CPU
		{7C4D3CD6-B38C-43DB-B2CB-57D715D3CDE9}.Release|Any CPU.Build.0 = Release|Any CPU
		{FAA001D4-597C-4FFF-B945-0A98B5189DD1}.Debug|Any CPU.ActiveCfg = Debug|Any CPU
		{FAA001D4-597C-4FFF-B945-0A98B5189DD1}.Debug|Any CPU.Build.0 = Debug|Any CPU
		{FAA001D4-597C-4FFF-B945-0A98B5189DD1}.Release|Any CPU.ActiveCfg = Release|Any CPU
		{FAA001D4-597C-4FFF-B945-0A98B5189DD1}.Release|Any CPU.Build.0 = Release|Any CPU
		{083A7CB8-CD9C-4D1D-BA6A-C5F7713312A5}.Debug|Any CPU.ActiveCfg = Debug|Any CPU
		{083A7CB8-CD9C-4D1D-BA6A-C5F7713312A5}.Debug|Any CPU.Build.0 = Debug|Any CPU
		{083A7CB8-CD9C-4D1D-BA6A-C5F7713312A5}.Release|Any CPU.ActiveCfg = Release|Any CPU
		{083A7CB8-CD9C-4D1D-BA6A-C5F7713312A5}.Release|Any CPU.Build.0 = Release|Any CPU
		{C07820B1-B96D-4942-A739-857C4D32C291}.Debug|Any CPU.ActiveCfg = Debug|Any CPU
		{C07820B1-B96D-4942-A739-857C4D32C291}.Debug|Any CPU.Build.0 = Debug|Any CPU
		{C07820B1-B96D-4942-A739-857C4D32C291}.Release|Any CPU.ActiveCfg = Release|Any CPU
		{C07820B1-B96D-4942-A739-857C4D32C291}.Release|Any CPU.Build.0 = Release|Any CPU
		{F3D834CC-A78A-4F20-A52C-21D7EAD82D18}.Debug|Any CPU.ActiveCfg = Debug|Any CPU
		{F3D834CC-A78A-4F20-A52C-21D7EAD82D18}.Debug|Any CPU.Build.0 = Debug|Any CPU
		{F3D834CC-A78A-4F20-A52C-21D7EAD82D18}.Release|Any CPU.ActiveCfg = Release|Any CPU
		{F3D834CC-A78A-4F20-A52C-21D7EAD82D18}.Release|Any CPU.Build.0 = Release|Any CPU
		{AD5A2FFE-E0B6-4DF4-A961-F652F1FBFC1B}.Debug|Any CPU.ActiveCfg = Debug|Any CPU
		{AD5A2FFE-E0B6-4DF4-A961-F652F1FBFC1B}.Debug|Any CPU.Build.0 = Debug|Any CPU
		{AD5A2FFE-E0B6-4DF4-A961-F652F1FBFC1B}.Release|Any CPU.ActiveCfg = Release|Any CPU
		{AD5A2FFE-E0B6-4DF4-A961-F652F1FBFC1B}.Release|Any CPU.Build.0 = Release|Any CPU
		{F1B7F9BA-4F40-426A-B4A2-6584112A9ADC}.Debug|Any CPU.ActiveCfg = Debug|Any CPU
		{F1B7F9BA-4F40-426A-B4A2-6584112A9ADC}.Debug|Any CPU.Build.0 = Debug|Any CPU
		{F1B7F9BA-4F40-426A-B4A2-6584112A9ADC}.Release|Any CPU.ActiveCfg = Release|Any CPU
		{F1B7F9BA-4F40-426A-B4A2-6584112A9ADC}.Release|Any CPU.Build.0 = Release|Any CPU
		{B784CFD2-E2A2-499E-A277-FC7BC1C77C89}.Debug|Any CPU.ActiveCfg = Debug|Any CPU
		{B784CFD2-E2A2-499E-A277-FC7BC1C77C89}.Debug|Any CPU.Build.0 = Debug|Any CPU
		{B784CFD2-E2A2-499E-A277-FC7BC1C77C89}.Release|Any CPU.ActiveCfg = Release|Any CPU
		{B784CFD2-E2A2-499E-A277-FC7BC1C77C89}.Release|Any CPU.Build.0 = Release|Any CPU
		{0E3F6433-32D4-4CF7-A6A6-907A3D612C0F}.Debug|Any CPU.ActiveCfg = Debug|Any CPU
		{0E3F6433-32D4-4CF7-A6A6-907A3D612C0F}.Debug|Any CPU.Build.0 = Debug|Any CPU
		{0E3F6433-32D4-4CF7-A6A6-907A3D612C0F}.Release|Any CPU.ActiveCfg = Release|Any CPU
		{0E3F6433-32D4-4CF7-A6A6-907A3D612C0F}.Release|Any CPU.Build.0 = Release|Any CPU
	EndGlobalSection
	GlobalSection(SolutionProperties) = preSolution
		HideSolutionNode = FALSE
	EndGlobalSection
	GlobalSection(NestedProjects) = preSolution
		{DF9767DA-5AA0-43B6-8BB2-07C4F21E355F} = {9C38176F-681C-46AA-88DC-C9BF70E2C917}
		{87C22D94-FCEF-4B77-8FA7-7231F89B33B2} = {9E18F1BD-F189-48B9-9B96-397BC0E98D81}
		{210A5922-E3F0-483A-83C5-77F6C99CDF7B} = {9C38176F-681C-46AA-88DC-C9BF70E2C917}
		{A48824A9-0FFA-4F03-8A5D-5172908B7099} = {275D91B5-3AC7-482F-91E4-B240E8BD1516}
		{641A70EE-4D96-47FA-84AC-FB7872BDAC30} = {275D91B5-3AC7-482F-91E4-B240E8BD1516}
		{281A96E4-3057-401F-B3EA-1FCE53A28F09} = {3AA20B88-6B40-4310-91BE-E7BFE9AA27E1}
		{19A95CD3-F17D-408E-BF47-AFF428BFAF35} = {3AA20B88-6B40-4310-91BE-E7BFE9AA27E1}
		{7C4D3CD6-B38C-43DB-B2CB-57D715D3CDE9} = {EC764450-F2DE-4233-8B4A-5A41504A6FEC}
		{FAA001D4-597C-4FFF-B945-0A98B5189DD1} = {EC764450-F2DE-4233-8B4A-5A41504A6FEC}
		{083A7CB8-CD9C-4D1D-BA6A-C5F7713312A5} = {56CABAC4-DFCD-41A9-9417-A7A45240D49C}
		{C07820B1-B96D-4942-A739-857C4D32C291} = {56CABAC4-DFCD-41A9-9417-A7A45240D49C}
		{F3D834CC-A78A-4F20-A52C-21D7EAD82D18} = {9C38176F-681C-46AA-88DC-C9BF70E2C917}
		{AD5A2FFE-E0B6-4DF4-A961-F652F1FBFC1B} = {9C38176F-681C-46AA-88DC-C9BF70E2C917}
		{6DE02666-B9DA-4B78-95B4-6E94FDA0C14D} = {3A9D4D11-B246-4E3B-BEF0-D8228E2548A8}
		{F1B7F9BA-4F40-426A-B4A2-6584112A9ADC} = {6DE02666-B9DA-4B78-95B4-6E94FDA0C14D}
		{B784CFD2-E2A2-499E-A277-FC7BC1C77C89} = {9E18F1BD-F189-48B9-9B96-397BC0E98D81}
		{3AA20B88-6B40-4310-91BE-E7BFE9AA27E1} = {9C38176F-681C-46AA-88DC-C9BF70E2C917}
		{56CABAC4-DFCD-41A9-9417-A7A45240D49C} = {9C38176F-681C-46AA-88DC-C9BF70E2C917}
		{EC764450-F2DE-4233-8B4A-5A41504A6FEC} = {9C38176F-681C-46AA-88DC-C9BF70E2C917}
		{275D91B5-3AC7-482F-91E4-B240E8BD1516} = {9C38176F-681C-46AA-88DC-C9BF70E2C917}
		{9E18F1BD-F189-48B9-9B96-397BC0E98D81} = {9C38176F-681C-46AA-88DC-C9BF70E2C917}
	EndGlobalSection
	GlobalSection(ExtensibilityGlobals) = postSolution
		SolutionGuid = {A01DFE5E-0053-424D-8054-C835A9B7D4F7}
	EndGlobalSection
EndGlobal
